
Microsoft Visual Studio Solution File, Format Version 12.00
# Visual Studio 15
VisualStudioVersion = 15.0.28307.572
MinimumVisualStudioVersion = 10.0.40219.1
Project("{FAE04EC0-301F-11D3-BF4B-00C04F79EFBC}") = "ShapePlayJun19", "ShapePlayJun19\ShapePlayJun19.csproj", "{D09E135C-9112-4A90-84B1-D504ED204A78}"
EndProject
Global
	GlobalSection(SolutionConfigurationPlatforms) = preSolution
		Debug|Any CPU = Debug|Any CPU
		Release|Any CPU = Release|Any CPU
	EndGlobalSection
	GlobalSection(ProjectConfigurationPlatforms) = postSolution
		{D09E135C-9112-4A90-84B1-D504ED204A78}.Debug|Any CPU.ActiveCfg = Debug|Any CPU
		{D09E135C-9112-4A90-84B1-D504ED204A78}.Debug|Any CPU.Build.0 = Debug|Any CPU
		{D09E135C-9112-4A90-84B1-D504ED204A78}.Release|Any CPU.ActiveCfg = Release|Any CPU
		{D09E135C-9112-4A90-84B1-D504ED204A78}.Release|Any CPU.Build.0 = Release|Any CPU
	EndGlobalSection
	GlobalSection(SolutionProperties) = preSolution
		HideSolutionNode = FALSE
	EndGlobalSection
	GlobalSection(ExtensibilityGlobals) = postSolution
		SolutionGuid = {CBE43C38-A153-4DE9-BEB0-90742F9B4D71}
	EndGlobalSection
EndGlobal
